
Microsoft Visual Studio Solution File, Format Version 12.00
# Visual Studio 14
VisualStudioVersion = 14.0.25420.1
MinimumVisualStudioVersion = 10.0.40219.1
Project("{FAE04EC0-301F-11D3-BF4B-00C04F79EFBC}") = "Calculadora", "Calculadora\Calculadora.csproj", "{C65D59F2-8806-426A-9452-1AFB652B57CC}"
EndProject
Global
	GlobalSection(SolutionConfigurationPlatforms) = preSolution
		Debug|Any CPU = Debug|Any CPU
		Release|Any CPU = Release|Any CPU
	EndGlobalSection
	GlobalSection(ProjectConfigurationPlatforms) = postSolution
		{C65D59F2-8806-426A-9452-1AFB652B57CC}.Debug|Any CPU.ActiveCfg = Debug|Any CPU
		{C65D59F2-8806-426A-9452-1AFB652B57CC}.Debug|Any CPU.Build.0 = Debug|Any CPU
		{C65D59F2-8806-426A-9452-1AFB652B57CC}.Release|Any CPU.ActiveCfg = Release|Any CPU
		{C65D59F2-8806-426A-9452-1AFB652B57CC}.Release|Any CPU.Build.0 = Release|Any CPU
	EndGlobalSection
	GlobalSection(SolutionProperties) = preSolution
		HideSolutionNode = FALSE
	EndGlobalSection
EndGlobal
